// !$*UTF8*$!
{
	archiveVersion = 1;
	classes = {
	};
	objectVersion = 51;
	objects = {

/* Begin PBXBuildFile section */
		489E2BED8998233F6F84FA31 /* Pods_Away_Chat.framework in Frameworks */ = {isa = PBXBuildFile; fileRef = 4897A868FA2854111637D7B7 /* Pods_Away_Chat.framework */; };
		940818142546A7B200BB4356 /* ServiceConstants.swift in Sources */ = {isa = PBXBuildFile; fileRef = 940818132546A7B200BB4356 /* ServiceConstants.swift */; };
		940818182546ACBC00BB4356 /* BaseService.swift in Sources */ = {isa = PBXBuildFile; fileRef = 940818172546ACBC00BB4356 /* BaseService.swift */; };
		9408186B2546E08B00BB4356 /* AwayChatServices.swift in Sources */ = {isa = PBXBuildFile; fileRef = 9408186A2546E08B00BB4356 /* AwayChatServices.swift */; };
		9408186F2546E24A00BB4356 /* DeviceInfo.swift in Sources */ = {isa = PBXBuildFile; fileRef = 9408186E2546E24A00BB4356 /* DeviceInfo.swift */; };
		940818732546E2EC00BB4356 /* BundleExt.swift in Sources */ = {isa = PBXBuildFile; fileRef = 940818722546E2EC00BB4356 /* BundleExt.swift */; };
		940818792546F6DB00BB4356 /* BaseTextField.swift in Sources */ = {isa = PBXBuildFile; fileRef = 940818782546F6DB00BB4356 /* BaseTextField.swift */; };
		9432ED212549B4E0001A57D2 /* ProfileCategory.swift in Sources */ = {isa = PBXBuildFile; fileRef = 9432ED202549B4E0001A57D2 /* ProfileCategory.swift */; };
		94B160F8254C6AFE007B9C5A /* ActivityIndicator.swift in Sources */ = {isa = PBXBuildFile; fileRef = 94B160F7254C6AFE007B9C5A /* ActivityIndicator.swift */; };
		94BEF36E254AB224006E38B0 /* Utility.swift in Sources */ = {isa = PBXBuildFile; fileRef = 94BEF36D254AB224006E38B0 /* Utility.swift */; };
		94C2310A25494A5D0049715F /* User.swift in Sources */ = {isa = PBXBuildFile; fileRef = 94C2310925494A5D0049715F /* User.swift */; };
		BB205653253A0B4900AC39E0 /* Constants.swift in Sources */ = {isa = PBXBuildFile; fileRef = BB205652253A0B4900AC39E0 /* Constants.swift */; };
		BB58F666253B2867003A5C6B /* LoginVC.swift in Sources */ = {isa = PBXBuildFile; fileRef = BB58F665253B2867003A5C6B /* LoginVC.swift */; };
		BB702C1F253E1A5F00368AE0 /* ForgotPasswordVC.swift in Sources */ = {isa = PBXBuildFile; fileRef = BB702C1E253E1A5F00368AE0 /* ForgotPasswordVC.swift */; };
		BB702C2B253E21C100368AE0 /* BioTagsCell.swift in Sources */ = {isa = PBXBuildFile; fileRef = BB702C2A253E21C100368AE0 /* BioTagsCell.swift */; };
		BB702C2E253E21F800368AE0 /* BioTagsCell.xib in Resources */ = {isa = PBXBuildFile; fileRef = BB702C2D253E21F800368AE0 /* BioTagsCell.xib */; };
		BBB096442540B627005DFBBB /* DesignableView.swift in Sources */ = {isa = PBXBuildFile; fileRef = BBB096432540B627005DFBBB /* DesignableView.swift */; };
		BBDAC499253B2DE70095B635 /* bill_corporate narrow_light.ttf in Resources */ = {isa = PBXBuildFile; fileRef = BBDAC496253B2DE70095B635 /* bill_corporate narrow_light.ttf */; };
		BBDAC49A253B2DE70095B635 /* bill_corporate_narrow_medium.ttf in Resources */ = {isa = PBXBuildFile; fileRef = BBDAC497253B2DE70095B635 /* bill_corporate_narrow_medium.ttf */; };
		BBDAC49B253B2DE70095B635 /* bill_corporate narrow_bold.ttf in Resources */ = {isa = PBXBuildFile; fileRef = BBDAC498253B2DE70095B635 /* bill_corporate narrow_bold.ttf */; };
		BBDAC49F253B5D7B0095B635 /* UIView+Extension.swift in Sources */ = {isa = PBXBuildFile; fileRef = BBDAC49E253B5D7B0095B635 /* UIView+Extension.swift */; };
		BBDAC4A2253B6C950095B635 /* SignUpFirstVC.swift in Sources */ = {isa = PBXBuildFile; fileRef = BBDAC4A1253B6C950095B635 /* SignUpFirstVC.swift */; };
		BBDAC4A5253B70010095B635 /* SignUpSecondVC.swift in Sources */ = {isa = PBXBuildFile; fileRef = BBDAC4A4253B70010095B635 /* SignUpSecondVC.swift */; };
		BBDAC4A9253B82FF0095B635 /* GoogleService-Info.plist in Resources */ = {isa = PBXBuildFile; fileRef = BBDAC4A8253B82FF0095B635 /* GoogleService-Info.plist */; };
		BBDAC4C8253B886E0095B635 /* SignUpViewModel.swift in Sources */ = {isa = PBXBuildFile; fileRef = BBDAC4C7253B886E0095B635 /* SignUpViewModel.swift */; };
		BBDAC4CD253B88D80095B635 /* SignUpRequest.swift in Sources */ = {isa = PBXBuildFile; fileRef = BBDAC4CC253B88D80095B635 /* SignUpRequest.swift */; };
		BBDAC4D0253B8B050095B635 /* CredentialValidator.swift in Sources */ = {isa = PBXBuildFile; fileRef = BBDAC4CF253B8B050095B635 /* CredentialValidator.swift */; };
		BBDAC4D6253B8D130095B635 /* ValidatorResponse.swift in Sources */ = {isa = PBXBuildFile; fileRef = BBDAC4D5253B8D130095B635 /* ValidatorResponse.swift */; };
		BBDAC4DA253B91830095B635 /* EmailValidation.swift in Sources */ = {isa = PBXBuildFile; fileRef = BBDAC4D9253B91830095B635 /* EmailValidation.swift */; };
		BBDAC4DF253C3C8A0095B635 /* UIViewController+Extension.swift in Sources */ = {isa = PBXBuildFile; fileRef = BBDAC4DE253C3C890095B635 /* UIViewController+Extension.swift */; };
		BBF39E152538C03D00AE5537 /* AppDelegate.swift in Sources */ = {isa = PBXBuildFile; fileRef = BBF39E142538C03D00AE5537 /* AppDelegate.swift */; };
		BBF39E172538C03D00AE5537 /* SceneDelegate.swift in Sources */ = {isa = PBXBuildFile; fileRef = BBF39E162538C03D00AE5537 /* SceneDelegate.swift */; };
		BBF39E1C2538C03D00AE5537 /* Main.storyboard in Resources */ = {isa = PBXBuildFile; fileRef = BBF39E1A2538C03D00AE5537 /* Main.storyboard */; };
		BBF39E1E2538C03E00AE5537 /* Assets.xcassets in Resources */ = {isa = PBXBuildFile; fileRef = BBF39E1D2538C03E00AE5537 /* Assets.xcassets */; };
		BBF39E212538C03E00AE5537 /* LaunchScreen.storyboard in Resources */ = {isa = PBXBuildFile; fileRef = BBF39E1F2538C03E00AE5537 /* LaunchScreen.storyboard */; };
		BBF39E2F2538C3E100AE5537 /* MainViewController.swift in Sources */ = {isa = PBXBuildFile; fileRef = BBF39E2E2538C3E100AE5537 /* MainViewController.swift */; };
		BBF39E342538C60900AE5537 /* Geometos.ttf in Resources */ = {isa = PBXBuildFile; fileRef = BBF39E332538C60900AE5537 /* Geometos.ttf */; };
		BBF39E3A2538CDCF00AE5537 /* DesignableButton.swift in Sources */ = {isa = PBXBuildFile; fileRef = BBF39E392538CDCF00AE5537 /* DesignableButton.swift */; };
		BBF39E412538D2ED00AE5537 /* String+Extension.swift in Sources */ = {isa = PBXBuildFile; fileRef = BBF39E402538D2ED00AE5537 /* String+Extension.swift */; };
		BBF39E452538D3B000AE5537 /* HelperMethods.swift in Sources */ = {isa = PBXBuildFile; fileRef = BBF39E442538D3B000AE5537 /* HelperMethods.swift */; };
/* End PBXBuildFile section */

/* Begin PBXFileReference section */
		4897A868FA2854111637D7B7 /* Pods_Away_Chat.framework */ = {isa = PBXFileReference; explicitFileType = wrapper.framework; includeInIndex = 0; path = Pods_Away_Chat.framework; sourceTree = BUILT_PRODUCTS_DIR; };
		940818132546A7B200BB4356 /* ServiceConstants.swift */ = {isa = PBXFileReference; lastKnownFileType = sourcecode.swift; path = ServiceConstants.swift; sourceTree = "<group>"; };
		940818172546ACBC00BB4356 /* BaseService.swift */ = {isa = PBXFileReference; lastKnownFileType = sourcecode.swift; path = BaseService.swift; sourceTree = "<group>"; };
		9408186A2546E08B00BB4356 /* AwayChatServices.swift */ = {isa = PBXFileReference; lastKnownFileType = sourcecode.swift; path = AwayChatServices.swift; sourceTree = "<group>"; };
		9408186E2546E24A00BB4356 /* DeviceInfo.swift */ = {isa = PBXFileReference; lastKnownFileType = sourcecode.swift; path = DeviceInfo.swift; sourceTree = "<group>"; };
		940818722546E2EC00BB4356 /* BundleExt.swift */ = {isa = PBXFileReference; lastKnownFileType = sourcecode.swift; path = BundleExt.swift; sourceTree = "<group>"; };
		940818782546F6DB00BB4356 /* BaseTextField.swift */ = {isa = PBXFileReference; lastKnownFileType = sourcecode.swift; path = BaseTextField.swift; sourceTree = "<group>"; };
		9432ED202549B4E0001A57D2 /* ProfileCategory.swift */ = {isa = PBXFileReference; fileEncoding = 4; lastKnownFileType = sourcecode.swift; path = ProfileCategory.swift; sourceTree = "<group>"; };
		94B160F7254C6AFE007B9C5A /* ActivityIndicator.swift */ = {isa = PBXFileReference; fileEncoding = 4; lastKnownFileType = sourcecode.swift; path = ActivityIndicator.swift; sourceTree = "<group>"; };
		94BEF36D254AB224006E38B0 /* Utility.swift */ = {isa = PBXFileReference; lastKnownFileType = sourcecode.swift; path = Utility.swift; sourceTree = "<group>"; };
		94C2310925494A5D0049715F /* User.swift */ = {isa = PBXFileReference; fileEncoding = 4; lastKnownFileType = sourcecode.swift; path = User.swift; sourceTree = "<group>"; };
		BB205652253A0B4900AC39E0 /* Constants.swift */ = {isa = PBXFileReference; lastKnownFileType = sourcecode.swift; path = Constants.swift; sourceTree = "<group>"; };
		BB58F665253B2867003A5C6B /* LoginVC.swift */ = {isa = PBXFileReference; fileEncoding = 4; lastKnownFileType = sourcecode.swift; path = LoginVC.swift; sourceTree = "<group>"; };
		BB702C1E253E1A5F00368AE0 /* ForgotPasswordVC.swift */ = {isa = PBXFileReference; lastKnownFileType = sourcecode.swift; path = ForgotPasswordVC.swift; sourceTree = "<group>"; };
		BB702C2A253E21C100368AE0 /* BioTagsCell.swift */ = {isa = PBXFileReference; lastKnownFileType = sourcecode.swift; path = BioTagsCell.swift; sourceTree = "<group>"; };
		BB702C2D253E21F800368AE0 /* BioTagsCell.xib */ = {isa = PBXFileReference; lastKnownFileType = file.xib; path = BioTagsCell.xib; sourceTree = "<group>"; };
		BBB096432540B627005DFBBB /* DesignableView.swift */ = {isa = PBXFileReference; lastKnownFileType = sourcecode.swift; path = DesignableView.swift; sourceTree = "<group>"; };
		BBDAC496253B2DE70095B635 /* bill_corporate narrow_light.ttf */ = {isa = PBXFileReference; lastKnownFileType = file; path = "bill_corporate narrow_light.ttf"; sourceTree = "<group>"; };
		BBDAC497253B2DE70095B635 /* bill_corporate_narrow_medium.ttf */ = {isa = PBXFileReference; lastKnownFileType = file; path = bill_corporate_narrow_medium.ttf; sourceTree = "<group>"; };
		BBDAC498253B2DE70095B635 /* bill_corporate narrow_bold.ttf */ = {isa = PBXFileReference; lastKnownFileType = file; path = "bill_corporate narrow_bold.ttf"; sourceTree = "<group>"; };
		BBDAC49E253B5D7B0095B635 /* UIView+Extension.swift */ = {isa = PBXFileReference; lastKnownFileType = sourcecode.swift; path = "UIView+Extension.swift"; sourceTree = "<group>"; };
		BBDAC4A1253B6C950095B635 /* SignUpFirstVC.swift */ = {isa = PBXFileReference; lastKnownFileType = sourcecode.swift; path = SignUpFirstVC.swift; sourceTree = "<group>"; };
		BBDAC4A4253B70010095B635 /* SignUpSecondVC.swift */ = {isa = PBXFileReference; lastKnownFileType = sourcecode.swift; path = SignUpSecondVC.swift; sourceTree = "<group>"; };
		BBDAC4A8253B82FF0095B635 /* GoogleService-Info.plist */ = {isa = PBXFileReference; fileEncoding = 4; lastKnownFileType = text.plist.xml; path = "GoogleService-Info.plist"; sourceTree = "<group>"; };
		BBDAC4C7253B886E0095B635 /* SignUpViewModel.swift */ = {isa = PBXFileReference; lastKnownFileType = sourcecode.swift; path = SignUpViewModel.swift; sourceTree = "<group>"; };
		BBDAC4CC253B88D80095B635 /* SignUpRequest.swift */ = {isa = PBXFileReference; lastKnownFileType = sourcecode.swift; path = SignUpRequest.swift; sourceTree = "<group>"; };
		BBDAC4CF253B8B050095B635 /* CredentialValidator.swift */ = {isa = PBXFileReference; lastKnownFileType = sourcecode.swift; path = CredentialValidator.swift; sourceTree = "<group>"; };
		BBDAC4D5253B8D130095B635 /* ValidatorResponse.swift */ = {isa = PBXFileReference; lastKnownFileType = sourcecode.swift; path = ValidatorResponse.swift; sourceTree = "<group>"; };
		BBDAC4D9253B91830095B635 /* EmailValidation.swift */ = {isa = PBXFileReference; lastKnownFileType = sourcecode.swift; path = EmailValidation.swift; sourceTree = "<group>"; };
		BBDAC4DE253C3C890095B635 /* UIViewController+Extension.swift */ = {isa = PBXFileReference; lastKnownFileType = sourcecode.swift; path = "UIViewController+Extension.swift"; sourceTree = "<group>"; };
		BBF39E112538C03D00AE5537 /* Away Chat.app */ = {isa = PBXFileReference; explicitFileType = wrapper.application; includeInIndex = 0; path = "Away Chat.app"; sourceTree = BUILT_PRODUCTS_DIR; };
		BBF39E142538C03D00AE5537 /* AppDelegate.swift */ = {isa = PBXFileReference; lastKnownFileType = sourcecode.swift; path = AppDelegate.swift; sourceTree = "<group>"; };
		BBF39E162538C03D00AE5537 /* SceneDelegate.swift */ = {isa = PBXFileReference; lastKnownFileType = sourcecode.swift; path = SceneDelegate.swift; sourceTree = "<group>"; };
		BBF39E1B2538C03D00AE5537 /* Base */ = {isa = PBXFileReference; lastKnownFileType = file.storyboard; name = Base; path = Base.lproj/Main.storyboard; sourceTree = "<group>"; };
		BBF39E1D2538C03E00AE5537 /* Assets.xcassets */ = {isa = PBXFileReference; lastKnownFileType = folder.assetcatalog; path = Assets.xcassets; sourceTree = "<group>"; };
		BBF39E202538C03E00AE5537 /* Base */ = {isa = PBXFileReference; lastKnownFileType = file.storyboard; name = Base; path = Base.lproj/LaunchScreen.storyboard; sourceTree = "<group>"; };
		BBF39E222538C03E00AE5537 /* Info.plist */ = {isa = PBXFileReference; lastKnownFileType = text.plist.xml; path = Info.plist; sourceTree = "<group>"; };
		BBF39E2E2538C3E100AE5537 /* MainViewController.swift */ = {isa = PBXFileReference; lastKnownFileType = sourcecode.swift; path = MainViewController.swift; sourceTree = "<group>"; };
		BBF39E332538C60900AE5537 /* Geometos.ttf */ = {isa = PBXFileReference; lastKnownFileType = file; path = Geometos.ttf; sourceTree = "<group>"; };
		BBF39E392538CDCF00AE5537 /* DesignableButton.swift */ = {isa = PBXFileReference; lastKnownFileType = sourcecode.swift; path = DesignableButton.swift; sourceTree = "<group>"; };
		BBF39E402538D2ED00AE5537 /* String+Extension.swift */ = {isa = PBXFileReference; lastKnownFileType = sourcecode.swift; path = "String+Extension.swift"; sourceTree = "<group>"; };
		BBF39E442538D3B000AE5537 /* HelperMethods.swift */ = {isa = PBXFileReference; lastKnownFileType = sourcecode.swift; path = HelperMethods.swift; sourceTree = "<group>"; };
		C9498B7F5DA0AE747979FE81 /* Pods-Away Chat.release.xcconfig */ = {isa = PBXFileReference; includeInIndex = 1; lastKnownFileType = text.xcconfig; name = "Pods-Away Chat.release.xcconfig"; path = "Target Support Files/Pods-Away Chat/Pods-Away Chat.release.xcconfig"; sourceTree = "<group>"; };
		F672273A42C04E2BAD921131 /* Pods-Away Chat.debug.xcconfig */ = {isa = PBXFileReference; includeInIndex = 1; lastKnownFileType = text.xcconfig; name = "Pods-Away Chat.debug.xcconfig"; path = "Target Support Files/Pods-Away Chat/Pods-Away Chat.debug.xcconfig"; sourceTree = "<group>"; };
/* End PBXFileReference section */

/* Begin PBXFrameworksBuildPhase section */
		BBF39E0E2538C03D00AE5537 /* Frameworks */ = {
			isa = PBXFrameworksBuildPhase;
			buildActionMask = 2147483647;
			files = (
				489E2BED8998233F6F84FA31 /* Pods_Away_Chat.framework in Frameworks */,
			);
			runOnlyForDeploymentPostprocessing = 0;
		};
/* End PBXFrameworksBuildPhase section */

/* Begin PBXGroup section */
		64BD30035524AB1E271220E2 /* Pods */ = {
			isa = PBXGroup;
			children = (
				F672273A42C04E2BAD921131 /* Pods-Away Chat.debug.xcconfig */,
				C9498B7F5DA0AE747979FE81 /* Pods-Away Chat.release.xcconfig */,
			);
			path = Pods;
			sourceTree = "<group>";
		};
		940817D225469D7300BB4356 /* ViewController */ = {
			isa = PBXGroup;
			children = (
				BBF39E2E2538C3E100AE5537 /* MainViewController.swift */,
				BB58F665253B2867003A5C6B /* LoginVC.swift */,
				BB702C1E253E1A5F00368AE0 /* ForgotPasswordVC.swift */,
				BBDAC4A1253B6C950095B635 /* SignUpFirstVC.swift */,
				BBDAC4A4253B70010095B635 /* SignUpSecondVC.swift */,
			);
			path = ViewController;
			sourceTree = "<group>";
		};
		940818122546A78000BB4356 /* Services */ = {
			isa = PBXGroup;
			children = (
				940818132546A7B200BB4356 /* ServiceConstants.swift */,
				940818172546ACBC00BB4356 /* BaseService.swift */,
				9408186A2546E08B00BB4356 /* AwayChatServices.swift */,
			);
			path = Services;
			sourceTree = "<group>";
		};
		9408186D2546E1C400BB4356 /* Utility */ = {
			isa = PBXGroup;
			children = (
				9408186E2546E24A00BB4356 /* DeviceInfo.swift */,
				BB205652253A0B4900AC39E0 /* Constants.swift */,
				94BEF36D254AB224006E38B0 /* Utility.swift */,
			);
			path = Utility;
			sourceTree = "<group>";
		};
		940818712546E28200BB4356 /* Extensions */ = {
			isa = PBXGroup;
			children = (
				940818722546E2EC00BB4356 /* BundleExt.swift */,
			);
			path = Extensions;
			sourceTree = "<group>";
		};
		940818772546F67A00BB4356 /* CustomTextFields */ = {
			isa = PBXGroup;
			children = (
				940818782546F6DB00BB4356 /* BaseTextField.swift */,
			);
			path = CustomTextFields;
			sourceTree = "<group>";
		};
		B4EED309CAA7398AE209A1FF /* Frameworks */ = {
			isa = PBXGroup;
			children = (
				4897A868FA2854111637D7B7 /* Pods_Away_Chat.framework */,
			);
			name = Frameworks;
			sourceTree = "<group>";
		};
		BB58F662253B2796003A5C6B /* ViewModel */ = {
			isa = PBXGroup;
			children = (
				BBDAC4C6253B88370095B635 /* SignUp */,
			);
			path = ViewModel;
			sourceTree = "<group>";
		};
		BB58F663253B279E003A5C6B /* Model */ = {
			isa = PBXGroup;
			children = (
				94C2310925494A5D0049715F /* User.swift */,
				9432ED202549B4E0001A57D2 /* ProfileCategory.swift */,
				BBDAC4CB253B88A70095B635 /* SignUpModel */,
			);
			path = Model;
			sourceTree = "<group>";
		};
		BB702C27253E217000368AE0 /* CellClasses */ = {
			isa = PBXGroup;
			children = (
				BB702C28253E217D00368AE0 /* CollectionViewCells */,
			);
			path = CellClasses;
			sourceTree = "<group>";
		};
		BB702C28253E217D00368AE0 /* CollectionViewCells */ = {
			isa = PBXGroup;
			children = (
				BB702C29253E219200368AE0 /* BioTagsCell */,
			);
			path = CollectionViewCells;
			sourceTree = "<group>";
		};
		BB702C29253E219200368AE0 /* BioTagsCell */ = {
			isa = PBXGroup;
			children = (
				BB702C2A253E21C100368AE0 /* BioTagsCell.swift */,
				BB702C2D253E21F800368AE0 /* BioTagsCell.xib */,
			);
			path = BioTagsCell;
			sourceTree = "<group>";
		};
		BBDAC4C6253B88370095B635 /* SignUp */ = {
			isa = PBXGroup;
			children = (
				BBDAC4C7253B886E0095B635 /* SignUpViewModel.swift */,
			);
			path = SignUp;
			sourceTree = "<group>";
		};
		BBDAC4CB253B88A70095B635 /* SignUpModel */ = {
			isa = PBXGroup;
			children = (
				BBDAC4CC253B88D80095B635 /* SignUpRequest.swift */,
			);
			path = SignUpModel;
			sourceTree = "<group>";
		};
		BBDAC4D4253B8CA40095B635 /* Validator */ = {
			isa = PBXGroup;
			children = (
				BBDAC4CF253B8B050095B635 /* CredentialValidator.swift */,
				BBDAC4D5253B8D130095B635 /* ValidatorResponse.swift */,
				BBDAC4D9253B91830095B635 /* EmailValidation.swift */,
			);
			path = Validator;
			sourceTree = "<group>";
		};
		BBF39E082538C03D00AE5537 = {
			isa = PBXGroup;
			children = (
				BBF39E132538C03D00AE5537 /* Away Chat */,
				BBF39E122538C03D00AE5537 /* Products */,
				64BD30035524AB1E271220E2 /* Pods */,
				B4EED309CAA7398AE209A1FF /* Frameworks */,
			);
			sourceTree = "<group>";
		};
		BBF39E122538C03D00AE5537 /* Products */ = {
			isa = PBXGroup;
			children = (
				BBF39E112538C03D00AE5537 /* Away Chat.app */,
			);
			name = Products;
			sourceTree = "<group>";
		};
		BBF39E132538C03D00AE5537 /* Away Chat */ = {
			isa = PBXGroup;
			children = (
				940818712546E28200BB4356 /* Extensions */,
				9408186D2546E1C400BB4356 /* Utility */,
				940818122546A78000BB4356 /* Services */,
				BB58F663253B279E003A5C6B /* Model */,
				BB58F662253B2796003A5C6B /* ViewModel */,
				BBF39E2C2538C13E00AE5537 /* View */,
				940817D225469D7300BB4356 /* ViewController */,
				BB702C27253E217000368AE0 /* CellClasses */,
				BBDAC4D4253B8CA40095B635 /* Validator */,
				BBF39E362538CDA400AE5537 /* HelpingClasses */,
				BBF39E322538C5F500AE5537 /* Fonts */,
				BBF39E142538C03D00AE5537 /* AppDelegate.swift */,
				BBF39E162538C03D00AE5537 /* SceneDelegate.swift */,
				BBF39E1A2538C03D00AE5537 /* Main.storyboard */,
				BBF39E1D2538C03E00AE5537 /* Assets.xcassets */,
				BBF39E1F2538C03E00AE5537 /* LaunchScreen.storyboard */,
				BBDAC4A8253B82FF0095B635 /* GoogleService-Info.plist */,
				BBF39E222538C03E00AE5537 /* Info.plist */,
			);
			path = "Away Chat";
			sourceTree = "<group>";
		};
		BBF39E2C2538C13E00AE5537 /* View */ = {
			isa = PBXGroup;
			children = (
				94B160F7254C6AFE007B9C5A /* ActivityIndicator.swift */,
				940818772546F67A00BB4356 /* CustomTextFields */,
			);
			path = View;
			sourceTree = "<group>";
		};
		BBF39E322538C5F500AE5537 /* Fonts */ = {
			isa = PBXGroup;
			children = (
				BBDAC498253B2DE70095B635 /* bill_corporate narrow_bold.ttf */,
				BBDAC496253B2DE70095B635 /* bill_corporate narrow_light.ttf */,
				BBDAC497253B2DE70095B635 /* bill_corporate_narrow_medium.ttf */,
				BBF39E332538C60900AE5537 /* Geometos.ttf */,
			);
			path = Fonts;
			sourceTree = "<group>";
		};
		BBF39E362538CDA400AE5537 /* HelpingClasses */ = {
			isa = PBXGroup;
			children = (
				BBF39E432538D37000AE5537 /* HelperMethods */,
				BBF39E3F2538D2C200AE5537 /* Extensions */,
				BBF39E372538CDB300AE5537 /* DesignableClasses */,
			);
			path = HelpingClasses;
			sourceTree = "<group>";
		};
		BBF39E372538CDB300AE5537 /* DesignableClasses */ = {
			isa = PBXGroup;
			children = (
				BBF39E392538CDCF00AE5537 /* DesignableButton.swift */,
				BBB096432540B627005DFBBB /* DesignableView.swift */,
			);
			path = DesignableClasses;
			sourceTree = "<group>";
		};
		BBF39E3F2538D2C200AE5537 /* Extensions */ = {
			isa = PBXGroup;
			children = (
				BBF39E402538D2ED00AE5537 /* String+Extension.swift */,
				BBDAC49E253B5D7B0095B635 /* UIView+Extension.swift */,
				BBDAC4DE253C3C890095B635 /* UIViewController+Extension.swift */,
			);
			path = Extensions;
			sourceTree = "<group>";
		};
		BBF39E432538D37000AE5537 /* HelperMethods */ = {
			isa = PBXGroup;
			children = (
				BBF39E442538D3B000AE5537 /* HelperMethods.swift */,
			);
			path = HelperMethods;
			sourceTree = "<group>";
		};
/* End PBXGroup section */

/* Begin PBXNativeTarget section */
		BBF39E102538C03D00AE5537 /* Away Chat */ = {
			isa = PBXNativeTarget;
			buildConfigurationList = BBF39E252538C03E00AE5537 /* Build configuration list for PBXNativeTarget "Away Chat" */;
			buildPhases = (
				C72340B4A155A5B94390653B /* [CP] Check Pods Manifest.lock */,
				BBF39E0D2538C03D00AE5537 /* Sources */,
				BBF39E0E2538C03D00AE5537 /* Frameworks */,
				BBF39E0F2538C03D00AE5537 /* Resources */,
				84F5DFA195F0ECCD770474CF /* [CP] Embed Pods Frameworks */,
			);
			buildRules = (
			);
			dependencies = (
			);
			name = "Away Chat";
			productName = "Away Chat";
			productReference = BBF39E112538C03D00AE5537 /* Away Chat.app */;
			productType = "com.apple.product-type.application";
		};
/* End PBXNativeTarget section */

/* Begin PBXProject section */
		BBF39E092538C03D00AE5537 /* Project object */ = {
			isa = PBXProject;
			attributes = {
				LastSwiftUpdateCheck = 1200;
				LastUpgradeCheck = 1200;
				TargetAttributes = {
					BBF39E102538C03D00AE5537 = {
						CreatedOnToolsVersion = 12.0;
					};
				};
			};
			buildConfigurationList = BBF39E0C2538C03D00AE5537 /* Build configuration list for PBXProject "Away Chat" */;
			compatibilityVersion = "Xcode 9.3";
			developmentRegion = en;
			hasScannedForEncodings = 0;
			knownRegions = (
				en,
				Base,
			);
			mainGroup = BBF39E082538C03D00AE5537;
			productRefGroup = BBF39E122538C03D00AE5537 /* Products */;
			projectDirPath = "";
			projectRoot = "";
			targets = (
				BBF39E102538C03D00AE5537 /* Away Chat */,
			);
		};
/* End PBXProject section */

/* Begin PBXResourcesBuildPhase section */
		BBF39E0F2538C03D00AE5537 /* Resources */ = {
			isa = PBXResourcesBuildPhase;
			buildActionMask = 2147483647;
			files = (
				BB702C2E253E21F800368AE0 /* BioTagsCell.xib in Resources */,
				BBF39E212538C03E00AE5537 /* LaunchScreen.storyboard in Resources */,
				BBDAC4A9253B82FF0095B635 /* GoogleService-Info.plist in Resources */,
				BBF39E1E2538C03E00AE5537 /* Assets.xcassets in Resources */,
				BBDAC499253B2DE70095B635 /* bill_corporate narrow_light.ttf in Resources */,
				BBDAC49A253B2DE70095B635 /* bill_corporate_narrow_medium.ttf in Resources */,
				BBDAC49B253B2DE70095B635 /* bill_corporate narrow_bold.ttf in Resources */,
				BBF39E1C2538C03D00AE5537 /* Main.storyboard in Resources */,
				BBF39E342538C60900AE5537 /* Geometos.ttf in Resources */,
			);
			runOnlyForDeploymentPostprocessing = 0;
		};
/* End PBXResourcesBuildPhase section */

/* Begin PBXShellScriptBuildPhase section */
		84F5DFA195F0ECCD770474CF /* [CP] Embed Pods Frameworks */ = {
			isa = PBXShellScriptBuildPhase;
			buildActionMask = 2147483647;
			files = (
			);
			inputFileListPaths = (
				"${PODS_ROOT}/Target Support Files/Pods-Away Chat/Pods-Away Chat-frameworks-${CONFIGURATION}-input-files.xcfilelist",
			);
			name = "[CP] Embed Pods Frameworks";
			outputFileListPaths = (
				"${PODS_ROOT}/Target Support Files/Pods-Away Chat/Pods-Away Chat-frameworks-${CONFIGURATION}-output-files.xcfilelist",
			);
			runOnlyForDeploymentPostprocessing = 0;
			shellPath = /bin/sh;
			shellScript = "\"${PODS_ROOT}/Target Support Files/Pods-Away Chat/Pods-Away Chat-frameworks.sh\"\n";
			showEnvVarsInLog = 0;
		};
		C72340B4A155A5B94390653B /* [CP] Check Pods Manifest.lock */ = {
			isa = PBXShellScriptBuildPhase;
			buildActionMask = 2147483647;
			files = (
			);
			inputFileListPaths = (
			);
			inputPaths = (
				"${PODS_PODFILE_DIR_PATH}/Podfile.lock",
				"${PODS_ROOT}/Manifest.lock",
			);
			name = "[CP] Check Pods Manifest.lock";
			outputFileListPaths = (
			);
			outputPaths = (
				"$(DERIVED_FILE_DIR)/Pods-Away Chat-checkManifestLockResult.txt",
			);
			runOnlyForDeploymentPostprocessing = 0;
			shellPath = /bin/sh;
			shellScript = "diff \"${PODS_PODFILE_DIR_PATH}/Podfile.lock\" \"${PODS_ROOT}/Manifest.lock\" > /dev/null\nif [ $? != 0 ] ; then\n    # print error to STDERR\n    echo \"error: The sandbox is not in sync with the Podfile.lock. Run 'pod install' or update your CocoaPods installation.\" >&2\n    exit 1\nfi\n# This output is used by Xcode 'outputs' to avoid re-running this script phase.\necho \"SUCCESS\" > \"${SCRIPT_OUTPUT_FILE_0}\"\n";
			showEnvVarsInLog = 0;
		};
/* End PBXShellScriptBuildPhase section */

/* Begin PBXSourcesBuildPhase section */
		BBF39E0D2538C03D00AE5537 /* Sources */ = {
			isa = PBXSourcesBuildPhase;
			buildActionMask = 2147483647;
			files = (
				BBF39E2F2538C3E100AE5537 /* MainViewController.swift in Sources */,
				BBDAC4A2253B6C950095B635 /* SignUpFirstVC.swift in Sources */,
				BBF39E152538C03D00AE5537 /* AppDelegate.swift in Sources */,
				BBDAC4DA253B91830095B635 /* EmailValidation.swift in Sources */,
				940818792546F6DB00BB4356 /* BaseTextField.swift in Sources */,
				BBDAC4DF253C3C8A0095B635 /* UIViewController+Extension.swift in Sources */,
				BB702C2B253E21C100368AE0 /* BioTagsCell.swift in Sources */,
				BB58F666253B2867003A5C6B /* LoginVC.swift in Sources */,
				94BEF36E254AB224006E38B0 /* Utility.swift in Sources */,
				9408186F2546E24A00BB4356 /* DeviceInfo.swift in Sources */,
				9432ED212549B4E0001A57D2 /* ProfileCategory.swift in Sources */,
				BBDAC49F253B5D7B0095B635 /* UIView+Extension.swift in Sources */,
				BBB096442540B627005DFBBB /* DesignableView.swift in Sources */,
				BBDAC4CD253B88D80095B635 /* SignUpRequest.swift in Sources */,
				940818182546ACBC00BB4356 /* BaseService.swift in Sources */,
				BBF39E452538D3B000AE5537 /* HelperMethods.swift in Sources */,
				94B160F8254C6AFE007B9C5A /* ActivityIndicator.swift in Sources */,
				BBF39E3A2538CDCF00AE5537 /* DesignableButton.swift in Sources */,
				9408186B2546E08B00BB4356 /* AwayChatServices.swift in Sources */,
				BB205653253A0B4900AC39E0 /* Constants.swift in Sources */,
				BBDAC4D0253B8B050095B635 /* CredentialValidator.swift in Sources */,
				BBF39E412538D2ED00AE5537 /* String+Extension.swift in Sources */,
				BBDAC4D6253B8D130095B635 /* ValidatorResponse.swift in Sources */,
				94C2310A25494A5D0049715F /* User.swift in Sources */,
				BB702C1F253E1A5F00368AE0 /* ForgotPasswordVC.swift in Sources */,
				BBF39E172538C03D00AE5537 /* SceneDelegate.swift in Sources */,
				BBDAC4C8253B886E0095B635 /* SignUpViewModel.swift in Sources */,
				BBDAC4A5253B70010095B635 /* SignUpSecondVC.swift in Sources */,
				940818142546A7B200BB4356 /* ServiceConstants.swift in Sources */,
				940818732546E2EC00BB4356 /* BundleExt.swift in Sources */,
			);
			runOnlyForDeploymentPostprocessing = 0;
		};
/* End PBXSourcesBuildPhase section */

/* Begin PBXVariantGroup section */
		BBF39E1A2538C03D00AE5537 /* Main.storyboard */ = {
			isa = PBXVariantGroup;
			children = (
				BBF39E1B2538C03D00AE5537 /* Base */,
			);
			name = Main.storyboard;
			sourceTree = "<group>";
		};
		BBF39E1F2538C03E00AE5537 /* LaunchScreen.storyboard */ = {
			isa = PBXVariantGroup;
			children = (
				BBF39E202538C03E00AE5537 /* Base */,
			);
			name = LaunchScreen.storyboard;
			sourceTree = "<group>";
		};
/* End PBXVariantGroup section */

/* Begin XCBuildConfiguration section */
		BBF39E232538C03E00AE5537 /* Debug */ = {
			isa = XCBuildConfiguration;
			buildSettings = {
				ALWAYS_SEARCH_USER_PATHS = NO;
				CLANG_ANALYZER_NONNULL = YES;
				CLANG_ANALYZER_NUMBER_OBJECT_CONVERSION = YES_AGGRESSIVE;
				CLANG_CXX_LANGUAGE_STANDARD = "gnu++14";
				CLANG_CXX_LIBRARY = "libc++";
				CLANG_ENABLE_MODULES = YES;
				CLANG_ENABLE_OBJC_ARC = YES;
				CLANG_ENABLE_OBJC_WEAK = YES;
				CLANG_WARN_BLOCK_CAPTURE_AUTORELEASING = YES;
				CLANG_WARN_BOOL_CONVERSION = YES;
				CLANG_WARN_COMMA = YES;
				CLANG_WARN_CONSTANT_CONVERSION = YES;
				CLANG_WARN_DEPRECATED_OBJC_IMPLEMENTATIONS = YES;
				CLANG_WARN_DIRECT_OBJC_ISA_USAGE = YES_ERROR;
				CLANG_WARN_DOCUMENTATION_COMMENTS = YES;
				CLANG_WARN_EMPTY_BODY = YES;
				CLANG_WARN_ENUM_CONVERSION = YES;
				CLANG_WARN_INFINITE_RECURSION = YES;
				CLANG_WARN_INT_CONVERSION = YES;
				CLANG_WARN_NON_LITERAL_NULL_CONVERSION = YES;
				CLANG_WARN_OBJC_IMPLICIT_RETAIN_SELF = YES;
				CLANG_WARN_OBJC_LITERAL_CONVERSION = YES;
				CLANG_WARN_OBJC_ROOT_CLASS = YES_ERROR;
				CLANG_WARN_QUOTED_INCLUDE_IN_FRAMEWORK_HEADER = YES;
				CLANG_WARN_RANGE_LOOP_ANALYSIS = YES;
				CLANG_WARN_STRICT_PROTOTYPES = YES;
				CLANG_WARN_SUSPICIOUS_MOVE = YES;
				CLANG_WARN_UNGUARDED_AVAILABILITY = YES_AGGRESSIVE;
				CLANG_WARN_UNREACHABLE_CODE = YES;
				CLANG_WARN__DUPLICATE_METHOD_MATCH = YES;
				COPY_PHASE_STRIP = NO;
				DEBUG_INFORMATION_FORMAT = dwarf;
				ENABLE_STRICT_OBJC_MSGSEND = YES;
				ENABLE_TESTABILITY = YES;
				GCC_C_LANGUAGE_STANDARD = gnu11;
				GCC_DYNAMIC_NO_PIC = NO;
				GCC_NO_COMMON_BLOCKS = YES;
				GCC_OPTIMIZATION_LEVEL = 0;
				GCC_PREPROCESSOR_DEFINITIONS = (
					"DEBUG=1",
					"$(inherited)",
				);
				GCC_WARN_64_TO_32_BIT_CONVERSION = YES;
				GCC_WARN_ABOUT_RETURN_TYPE = YES_ERROR;
				GCC_WARN_UNDECLARED_SELECTOR = YES;
				GCC_WARN_UNINITIALIZED_AUTOS = YES_AGGRESSIVE;
				GCC_WARN_UNUSED_FUNCTION = YES;
				GCC_WARN_UNUSED_VARIABLE = YES;
				IPHONEOS_DEPLOYMENT_TARGET = 12.0;
				MTL_ENABLE_DEBUG_INFO = INCLUDE_SOURCE;
				MTL_FAST_MATH = YES;
				ONLY_ACTIVE_ARCH = YES;
				SDKROOT = iphoneos;
				SWIFT_ACTIVE_COMPILATION_CONDITIONS = DEBUG;
				SWIFT_OPTIMIZATION_LEVEL = "-Onone";
			};
			name = Debug;
		};
		BBF39E242538C03E00AE5537 /* Release */ = {
			isa = XCBuildConfiguration;
			buildSettings = {
				ALWAYS_SEARCH_USER_PATHS = NO;
				CLANG_ANALYZER_NONNULL = YES;
				CLANG_ANALYZER_NUMBER_OBJECT_CONVERSION = YES_AGGRESSIVE;
				CLANG_CXX_LANGUAGE_STANDARD = "gnu++14";
				CLANG_CXX_LIBRARY = "libc++";
				CLANG_ENABLE_MODULES = YES;
				CLANG_ENABLE_OBJC_ARC = YES;
				CLANG_ENABLE_OBJC_WEAK = YES;
				CLANG_WARN_BLOCK_CAPTURE_AUTORELEASING = YES;
				CLANG_WARN_BOOL_CONVERSION = YES;
				CLANG_WARN_COMMA = YES;
				CLANG_WARN_CONSTANT_CONVERSION = YES;
				CLANG_WARN_DEPRECATED_OBJC_IMPLEMENTATIONS = YES;
				CLANG_WARN_DIRECT_OBJC_ISA_USAGE = YES_ERROR;
				CLANG_WARN_DOCUMENTATION_COMMENTS = YES;
				CLANG_WARN_EMPTY_BODY = YES;
				CLANG_WARN_ENUM_CONVERSION = YES;
				CLANG_WARN_INFINITE_RECURSION = YES;
				CLANG_WARN_INT_CONVERSION = YES;
				CLANG_WARN_NON_LITERAL_NULL_CONVERSION = YES;
				CLANG_WARN_OBJC_IMPLICIT_RETAIN_SELF = YES;
				CLANG_WARN_OBJC_LITERAL_CONVERSION = YES;
				CLANG_WARN_OBJC_ROOT_CLASS = YES_ERROR;
				CLANG_WARN_QUOTED_INCLUDE_IN_FRAMEWORK_HEADER = YES;
				CLANG_WARN_RANGE_LOOP_ANALYSIS = YES;
				CLANG_WARN_STRICT_PROTOTYPES = YES;
				CLANG_WARN_SUSPICIOUS_MOVE = YES;
				CLANG_WARN_UNGUARDED_AVAILABILITY = YES_AGGRESSIVE;
				CLANG_WARN_UNREACHABLE_CODE = YES;
				CLANG_WARN__DUPLICATE_METHOD_MATCH = YES;
				COPY_PHASE_STRIP = NO;
				DEBUG_INFORMATION_FORMAT = "dwarf-with-dsym";
				ENABLE_NS_ASSERTIONS = NO;
				ENABLE_STRICT_OBJC_MSGSEND = YES;
				GCC_C_LANGUAGE_STANDARD = gnu11;
				GCC_NO_COMMON_BLOCKS = YES;
				GCC_WARN_64_TO_32_BIT_CONVERSION = YES;
				GCC_WARN_ABOUT_RETURN_TYPE = YES_ERROR;
				GCC_WARN_UNDECLARED_SELECTOR = YES;
				GCC_WARN_UNINITIALIZED_AUTOS = YES_AGGRESSIVE;
				GCC_WARN_UNUSED_FUNCTION = YES;
				GCC_WARN_UNUSED_VARIABLE = YES;
				IPHONEOS_DEPLOYMENT_TARGET = 12.0;
				MTL_ENABLE_DEBUG_INFO = NO;
				MTL_FAST_MATH = YES;
				SDKROOT = iphoneos;
				SWIFT_COMPILATION_MODE = wholemodule;
				SWIFT_OPTIMIZATION_LEVEL = "-O";
				VALIDATE_PRODUCT = YES;
			};
			name = Release;
		};
		BBF39E262538C03E00AE5537 /* Debug */ = {
			isa = XCBuildConfiguration;
			baseConfigurationReference = F672273A42C04E2BAD921131 /* Pods-Away Chat.debug.xcconfig */;
			buildSettings = {
				ASSETCATALOG_COMPILER_APPICON_NAME = AppIcon;
				ASSETCATALOG_COMPILER_GLOBAL_ACCENT_COLOR_NAME = AccentColor;
				CODE_SIGN_STYLE = Automatic;
				CURRENT_PROJECT_VERSION = 23;
				DEVELOPMENT_TEAM = 69YLC635WW;
				INFOPLIST_FILE = "Away Chat/Info.plist";
				IPHONEOS_DEPLOYMENT_TARGET = 11.0;
				LD_RUNPATH_SEARCH_PATHS = (
					"$(inherited)",
					"@executable_path/Frameworks",
				);
				PRODUCT_BUNDLE_IDENTIFIER = com.awaychat.david;
				PRODUCT_NAME = "$(TARGET_NAME)";
				SWIFT_VERSION = 5.0;
				TARGETED_DEVICE_FAMILY = 1;
			};
			name = Debug;
		};
		BBF39E272538C03E00AE5537 /* Release */ = {
			isa = XCBuildConfiguration;
			baseConfigurationReference = C9498B7F5DA0AE747979FE81 /* Pods-Away Chat.release.xcconfig */;
			buildSettings = {
				ASSETCATALOG_COMPILER_APPICON_NAME = AppIcon;
				ASSETCATALOG_COMPILER_GLOBAL_ACCENT_COLOR_NAME = AccentColor;
				CODE_SIGN_STYLE = Automatic;
				CURRENT_PROJECT_VERSION = 23;
				DEVELOPMENT_TEAM = 69YLC635WW;
				INFOPLIST_FILE = "Away Chat/Info.plist";
				IPHONEOS_DEPLOYMENT_TARGET = 11.0;
				LD_RUNPATH_SEARCH_PATHS = (
					"$(inherited)",
					"@executable_path/Frameworks",
				);
				PRODUCT_BUNDLE_IDENTIFIER = com.awaychat.david;
				PRODUCT_NAME = "$(TARGET_NAME)";
				SWIFT_VERSION = 5.0;
				TARGETED_DEVICE_FAMILY = 1;
			};
			name = Release;
		};
/* End XCBuildConfiguration section */

/* Begin XCConfigurationList section */
		BBF39E0C2538C03D00AE5537 /* Build configuration list for PBXProject "Away Chat" */ = {
			isa = XCConfigurationList;
			buildConfigurations = (
				BBF39E232538C03E00AE5537 /* Debug */,
				BBF39E242538C03E00AE5537 /* Release */,
			);
			defaultConfigurationIsVisible = 0;
			defaultConfigurationName = Release;
		};
		BBF39E252538C03E00AE5537 /* Build configuration list for PBXNativeTarget "Away Chat" */ = {
			isa = XCConfigurationList;
			buildConfigurations = (
				BBF39E262538C03E00AE5537 /* Debug */,
				BBF39E272538C03E00AE5537 /* Release */,
			);
			defaultConfigurationIsVisible = 0;
			defaultConfigurationName = Release;
		};
/* End XCConfigurationList section */
	};
	rootObject = BBF39E092538C03D00AE5537 /* Project object */;
}
